// !$*UTF8*$!
{
	archiveVersion = 1;
	classes = {
	};
	objectVersion = 50;
	objects = {

/* Begin PBXBuildFile section */
		EB1E77EB22330A0A00E6A235 /* AppDelegate.swift in Sources */ = {isa = PBXBuildFile; fileRef = EB1E77EA22330A0A00E6A235 /* AppDelegate.swift */; };
		EB1E77ED22330A0A00E6A235 /* ViewController.swift in Sources */ = {isa = PBXBuildFile; fileRef = EB1E77EC22330A0A00E6A235 /* ViewController.swift */; };
		EB1E77F022330A0A00E6A235 /* Main.storyboard in Resources */ = {isa = PBXBuildFile; fileRef = EB1E77EE22330A0A00E6A235 /* Main.storyboard */; };
		EB1E77F222330A1000E6A235 /* Assets.xcassets in Resources */ = {isa = PBXBuildFile; fileRef = EB1E77F122330A1000E6A235 /* Assets.xcassets */; };
		EB1E77F522330A1000E6A235 /* LaunchScreen.storyboard in Resources */ = {isa = PBXBuildFile; fileRef = EB1E77F322330A1000E6A235 /* LaunchScreen.storyboard */; };
		EB1E77FD22330B4400E6A235 /* Sign.swift in Sources */ = {isa = PBXBuildFile; fileRef = EB1E77FC22330B4400E6A235 /* Sign.swift */; };
		EB1E77FF22330DA500E6A235 /* GameState.swift in Sources */ = {isa = PBXBuildFile; fileRef = EB1E77FE22330DA500E6A235 /* GameState.swift */; };
		EBC351F22235619200C84921 /* SimpleSound.swift in Sources */ = {isa = PBXBuildFile; fileRef = EBC351F12235619200C84921 /* SimpleSound.swift */; };
		EBC351F52235627C00C84921 /* kidsLaugh.m4a in Resources */ = {isa = PBXBuildFile; fileRef = EBC351F32235627C00C84921 /* kidsLaugh.m4a */; };
		EBC351F62235627C00C84921 /* monkeyLaugh.m4a in Resources */ = {isa = PBXBuildFile; fileRef = EBC351F42235627C00C84921 /* monkeyLaugh.m4a */; };
/* End PBXBuildFile section */

/* Begin PBXFileReference section */
		EB1E77E722330A0A00E6A235 /* RPS.app */ = {isa = PBXFileReference; explicitFileType = wrapper.application; includeInIndex = 0; path = RPS.app; sourceTree = BUILT_PRODUCTS_DIR; };
		EB1E77EA22330A0A00E6A235 /* AppDelegate.swift */ = {isa = PBXFileReference; lastKnownFileType = sourcecode.swift; path = AppDelegate.swift; sourceTree = "<group>"; };
		EB1E77EC22330A0A00E6A235 /* ViewController.swift */ = {isa = PBXFileReference; lastKnownFileType = sourcecode.swift; path = ViewController.swift; sourceTree = "<group>"; };
		EB1E77EF22330A0A00E6A235 /* Base */ = {isa = PBXFileReference; lastKnownFileType = file.storyboard; name = Base; path = Base.lproj/Main.storyboard; sourceTree = "<group>"; };
		EB1E77F122330A1000E6A235 /* Assets.xcassets */ = {isa = PBXFileReference; lastKnownFileType = folder.assetcatalog; path = Assets.xcassets; sourceTree = "<group>"; };
		EB1E77F422330A1000E6A235 /* Base */ = {isa = PBXFileReference; lastKnownFileType = file.storyboard; name = Base; path = Base.lproj/LaunchScreen.storyboard; sourceTree = "<group>"; };
		EB1E77F622330A1000E6A235 /* Info.plist */ = {isa = PBXFileReference; lastKnownFileType = text.plist.xml; path = Info.plist; sourceTree = "<group>"; };
		EB1E77FC22330B4400E6A235 /* Sign.swift */ = {isa = PBXFileReference; lastKnownFileType = sourcecode.swift; path = Sign.swift; sourceTree = "<group>"; };
		EB1E77FE22330DA500E6A235 /* GameState.swift */ = {isa = PBXFileReference; lastKnownFileType = sourcecode.swift; path = GameState.swift; sourceTree = "<group>"; };
		EBC351F12235619200C84921 /* SimpleSound.swift */ = {isa = PBXFileReference; fileEncoding = 4; lastKnownFileType = sourcecode.swift; path = SimpleSound.swift; sourceTree = "<group>"; };
		EBC351F32235627C00C84921 /* kidsLaugh.m4a */ = {isa = PBXFileReference; lastKnownFileType = file; path = kidsLaugh.m4a; sourceTree = "<group>"; };
		EBC351F42235627C00C84921 /* monkeyLaugh.m4a */ = {isa = PBXFileReference; lastKnownFileType = file; path = monkeyLaugh.m4a; sourceTree = "<group>"; };
/* End PBXFileReference section */

/* Begin PBXFrameworksBuildPhase section */
		EB1E77E422330A0A00E6A235 /* Frameworks */ = {
			isa = PBXFrameworksBuildPhase;
			buildActionMask = 2147483647;
			files = (
			);
			runOnlyForDeploymentPostprocessing = 0;
		};
/* End PBXFrameworksBuildPhase section */

/* Begin PBXGroup section */
		EB1E77DE22330A0A00E6A235 = {
			isa = PBXGroup;
			children = (
				EB1E77E922330A0A00E6A235 /* RPS */,
				EB1E77E822330A0A00E6A235 /* Products */,
			);
			sourceTree = "<group>";
		};
		EB1E77E822330A0A00E6A235 /* Products */ = {
			isa = PBXGroup;
			children = (
				EB1E77E722330A0A00E6A235 /* RPS.app */,
			);
			name = Products;
			sourceTree = "<group>";
		};
		EB1E77E922330A0A00E6A235 /* RPS */ = {
			isa = PBXGroup;
			children = (
				EBC351F12235619200C84921 /* SimpleSound.swift */,
				EBC351EA223560D100C84921 /* Sounds */,
				EB1E77FC22330B4400E6A235 /* Sign.swift */,
				EB1E77EA22330A0A00E6A235 /* AppDelegate.swift */,
				EB1E77EC22330A0A00E6A235 /* ViewController.swift */,
				EB1E77EE22330A0A00E6A235 /* Main.storyboard */,
				EB1E77F122330A1000E6A235 /* Assets.xcassets */,
				EB1E77F322330A1000E6A235 /* LaunchScreen.storyboard */,
				EB1E77F622330A1000E6A235 /* Info.plist */,
				EB1E77FE22330DA500E6A235 /* GameState.swift */,
			);
			path = RPS;
			sourceTree = "<group>";
		};
		EBC351EA223560D100C84921 /* Sounds */ = {
			isa = PBXGroup;
			children = (
				EBC351F32235627C00C84921 /* kidsLaugh.m4a */,
				EBC351F42235627C00C84921 /* monkeyLaugh.m4a */,
			);
			path = Sounds;
			sourceTree = "<group>";
		};
/* End PBXGroup section */

/* Begin PBXNativeTarget section */
		EB1E77E622330A0A00E6A235 /* RPS */ = {
			isa = PBXNativeTarget;
			buildConfigurationList = EB1E77F922330A1000E6A235 /* Build configuration list for PBXNativeTarget "RPS" */;
			buildPhases = (
				EB1E77E322330A0A00E6A235 /* Sources */,
				EB1E77E422330A0A00E6A235 /* Frameworks */,
				EB1E77E522330A0A00E6A235 /* Resources */,
			);
			buildRules = (
			);
			dependencies = (
			);
			name = RPS;
			productName = RPS;
			productReference = EB1E77E722330A0A00E6A235 /* RPS.app */;
			productType = "com.apple.product-type.application";
		};
/* End PBXNativeTarget section */

/* Begin PBXProject section */
		EB1E77DF22330A0A00E6A235 /* Project object */ = {
			isa = PBXProject;
			attributes = {
				LastSwiftUpdateCheck = 1010;
				LastUpgradeCheck = 1010;
				ORGANIZATIONNAME = StefanosK27;
				TargetAttributes = {
					EB1E77E622330A0A00E6A235 = {
						CreatedOnToolsVersion = 10.1;
					};
				};
			};
			buildConfigurationList = EB1E77E222330A0A00E6A235 /* Build configuration list for PBXProject "RPS" */;
			compatibilityVersion = "Xcode 9.3";
			developmentRegion = en;
			hasScannedForEncodings = 0;
			knownRegions = (
				en,
				Base,
			);
			mainGroup = EB1E77DE22330A0A00E6A235;
			productRefGroup = EB1E77E822330A0A00E6A235 /* Products */;
			projectDirPath = "";
			projectRoot = "";
			targets = (
				EB1E77E622330A0A00E6A235 /* RPS */,
			);
		};
/* End PBXProject section */

/* Begin PBXResourcesBuildPhase section */
		EB1E77E522330A0A00E6A235 /* Resources */ = {
			isa = PBXResourcesBuildPhase;
			buildActionMask = 2147483647;
			files = (
				EB1E77F522330A1000E6A235 /* LaunchScreen.storyboard in Resources */,
				EBC351F52235627C00C84921 /* kidsLaugh.m4a in Resources */,
				EBC351F62235627C00C84921 /* monkeyLaugh.m4a in Resources */,
				EB1E77F222330A1000E6A235 /* Assets.xcassets in Resources */,
				EB1E77F022330A0A00E6A235 /* Main.storyboard in Resources */,
			);
			runOnlyForDeploymentPostprocessing = 0;
		};
/* End PBXResourcesBuildPhase section */

/* Begin PBXSourcesBuildPhase section */
		EB1E77E322330A0A00E6A235 /* Sources */ = {
			isa = PBXSourcesBuildPhase;
			buildActionMask = 2147483647;
			files = (
				EBC351F22235619200C84921 /* SimpleSound.swift in Sources */,
				EB1E77ED22330A0A00E6A235 /* ViewController.swift in Sources */,
				EB1E77FF22330DA500E6A235 /* GameState.swift in Sources */,
				EB1E77EB22330A0A00E6A235 /* AppDelegate.swift in Sources */,
				EB1E77FD22330B4400E6A235 /* Sign.swift in Sources */,
			);
			runOnlyForDeploymentPostprocessing = 0;
		};
/* End PBXSourcesBuildPhase section */

/* Begin PBXVariantGroup section */
		EB1E77EE22330A0A00E6A235 /* Main.storyboard */ = {
			isa = PBXVariantGroup;
			children = (
				EB1E77EF22330A0A00E6A235 /* Base */,
			);
			name = Main.storyboard;
			sourceTree = "<group>";
		};
		EB1E77F322330A1000E6A235 /* LaunchScreen.storyboard */ = {
			isa = PBXVariantGroup;
			children = (
				EB1E77F422330A1000E6A235 /* Base */,
			);
			name = LaunchScreen.storyboard;
			sourceTree = "<group>";
		};
/* End PBXVariantGroup section */

/* Begin XCBuildConfiguration section */
		EB1E77F722330A1000E6A235 /* Debug */ = {
			isa = XCBuildConfiguration;
			buildSettings = {
				ALWAYS_SEARCH_USER_PATHS = NO;
				CLANG_ANALYZER_NONNULL = YES;
				CLANG_ANALYZER_NUMBER_OBJECT_CONVERSION = YES_AGGRESSIVE;
				CLANG_CXX_LANGUAGE_STANDARD = "gnu++14";
				CLANG_CXX_LIBRARY = "libc++";
				CLANG_ENABLE_MODULES = YES;
				CLANG_ENABLE_OBJC_ARC = YES;
				CLANG_ENABLE_OBJC_WEAK = YES;
				CLANG_WARN_BLOCK_CAPTURE_AUTORELEASING = YES;
				CLANG_WARN_BOOL_CONVERSION = YES;
				CLANG_WARN_COMMA = YES;
				CLANG_WARN_CONSTANT_CONVERSION = YES;
				CLANG_WARN_DEPRECATED_OBJC_IMPLEMENTATIONS = YES;
				CLANG_WARN_DIRECT_OBJC_ISA_USAGE = YES_ERROR;
				CLANG_WARN_DOCUMENTATION_COMMENTS = YES;
				CLANG_WARN_EMPTY_BODY = YES;
				CLANG_WARN_ENUM_CONVERSION = YES;
				CLANG_WARN_INFINITE_RECURSION = YES;
				CLANG_WARN_INT_CONVERSION = YES;
				CLANG_WARN_NON_LITERAL_NULL_CONVERSION = YES;
				CLANG_WARN_OBJC_IMPLICIT_RETAIN_SELF = YES;
				CLANG_WARN_OBJC_LITERAL_CONVERSION = YES;
				CLANG_WARN_OBJC_ROOT_CLASS = YES_ERROR;
				CLANG_WARN_RANGE_LOOP_ANALYSIS = YES;
				CLANG_WARN_STRICT_PROTOTYPES = YES;
				CLANG_WARN_SUSPICIOUS_MOVE = YES;
				CLANG_WARN_UNGUARDED_AVAILABILITY = YES_AGGRESSIVE;
				CLANG_WARN_UNREACHABLE_CODE = YES;
				CLANG_WARN__DUPLICATE_METHOD_MATCH = YES;
				CODE_SIGN_IDENTITY = "iPhone Developer";
				COPY_PHASE_STRIP = NO;
				DEBUG_INFORMATION_FORMAT = dwarf;
				ENABLE_STRICT_OBJC_MSGSEND = YES;
				ENABLE_TESTABILITY = YES;
				GCC_C_LANGUAGE_STANDARD = gnu11;
				GCC_DYNAMIC_NO_PIC = NO;
				GCC_NO_COMMON_BLOCKS = YES;
				GCC_OPTIMIZATION_LEVEL = 0;
				GCC_PREPROCESSOR_DEFINITIONS = (
					"DEBUG=1",
					"$(inherited)",
				);
				GCC_WARN_64_TO_32_BIT_CONVERSION = YES;
				GCC_WARN_ABOUT_RETURN_TYPE = YES_ERROR;
				GCC_WARN_UNDECLARED_SELECTOR = YES;
				GCC_WARN_UNINITIALIZED_AUTOS = YES_AGGRESSIVE;
				GCC_WARN_UNUSED_FUNCTION = YES;
				GCC_WARN_UNUSED_VARIABLE = YES;
				IPHONEOS_DEPLOYMENT_TARGET = 12.1;
				MTL_ENABLE_DEBUG_INFO = INCLUDE_SOURCE;
				MTL_FAST_MATH = YES;
				ONLY_ACTIVE_ARCH = YES;
				SDKROOT = iphoneos;
				SWIFT_ACTIVE_COMPILATION_CONDITIONS = DEBUG;
				SWIFT_OPTIMIZATION_LEVEL = "-Onone";
			};
			name = Debug;
		};
		EB1E77F822330A1000E6A235 /* Release */ = {
			isa = XCBuildConfiguration;
			buildSettings = {
				ALWAYS_SEARCH_USER_PATHS = NO;
				CLANG_ANALYZER_NONNULL = YES;
				CLANG_ANALYZER_NUMBER_OBJECT_CONVERSION = YES_AGGRESSIVE;
				CLANG_CXX_LANGUAGE_STANDARD = "gnu++14";
				CLANG_CXX_LIBRARY = "libc++";
				CLANG_ENABLE_MODULES = YES;
				CLANG_ENABLE_OBJC_ARC = YES;
				CLANG_ENABLE_OBJC_WEAK = YES;
				CLANG_WARN_BLOCK_CAPTURE_AUTORELEASING = YES;
				CLANG_WARN_BOOL_CONVERSION = YES;
				CLANG_WARN_COMMA = YES;
				CLANG_WARN_CONSTANT_CONVERSION = YES;
				CLANG_WARN_DEPRECATED_OBJC_IMPLEMENTATIONS = YES;
				CLANG_WARN_DIRECT_OBJC_ISA_USAGE = YES_ERROR;
				CLANG_WARN_DOCUMENTATION_COMMENTS = YES;
				CLANG_WARN_EMPTY_BODY = YES;
				CLANG_WARN_ENUM_CONVERSION = YES;
				CLANG_WARN_INFINITE_RECURSION = YES;
				CLANG_WARN_INT_CONVERSION = YES;
				CLANG_WARN_NON_LITERAL_NULL_CONVERSION = YES;
				CLANG_WARN_OBJC_IMPLICIT_RETAIN_SELF = YES;
				CLANG_WARN_OBJC_LITERAL_CONVERSION = YES;
				CLANG_WARN_OBJC_ROOT_CLASS = YES_ERROR;
				CLANG_WARN_RANGE_LOOP_ANALYSIS = YES;
				CLANG_WARN_STRICT_PROTOTYPES = YES;
				CLANG_WARN_SUSPICIOUS_MOVE = YES;
				CLANG_WARN_UNGUARDED_AVAILABILITY = YES_AGGRESSIVE;
				CLANG_WARN_UNREACHABLE_CODE = YES;
				CLANG_WARN__DUPLICATE_METHOD_MATCH = YES;
				CODE_SIGN_IDENTITY = "iPhone Developer";
				COPY_PHASE_STRIP = NO;
				DEBUG_INFORMATION_FORMAT = "dwarf-with-dsym";
				ENABLE_NS_ASSERTIONS = NO;
				ENABLE_STRICT_OBJC_MSGSEND = YES;
				GCC_C_LANGUAGE_STANDARD = gnu11;
				GCC_NO_COMMON_BLOCKS = YES;
				GCC_WARN_64_TO_32_BIT_CONVERSION = YES;
				GCC_WARN_ABOUT_RETURN_TYPE = YES_ERROR;
				GCC_WARN_UNDECLARED_SELECTOR = YES;
				GCC_WARN_UNINITIALIZED_AUTOS = YES_AGGRESSIVE;
				GCC_WARN_UNUSED_FUNCTION = YES;
				GCC_WARN_UNUSED_VARIABLE = YES;
				IPHONEOS_DEPLOYMENT_TARGET = 12.1;
				MTL_ENABLE_DEBUG_INFO = NO;
				MTL_FAST_MATH = YES;
				SDKROOT = iphoneos;
				SWIFT_COMPILATION_MODE = wholemodule;
				SWIFT_OPTIMIZATION_LEVEL = "-O";
				VALIDATE_PRODUCT = YES;
			};
			name = Release;
		};
		EB1E77FA22330A1000E6A235 /* Debug */ = {
			isa = XCBuildConfiguration;
			buildSettings = {
				ASSETCATALOG_COMPILER_APPICON_NAME = AppIcon;
				CODE_SIGN_STYLE = Automatic;
				DEVELOPMENT_TEAM = WJ363374MY;
				INFOPLIST_FILE = RPS/Info.plist;
				IPHONEOS_DEPLOYMENT_TARGET = 9.3;
				LD_RUNPATH_SEARCH_PATHS = (
					"$(inherited)",
					"@executable_path/Frameworks",
				);
				PRODUCT_BUNDLE_IDENTIFIER = com.stefanosk27.RPS;
				PRODUCT_NAME = "$(TARGET_NAME)";
				SWIFT_VERSION = 4.2;
				TARGETED_DEVICE_FAMILY = "1,2";
			};
			name = Debug;
		};
		EB1E77FB22330A1000E6A235 /* Release */ = {
			isa = XCBuildConfiguration;
			buildSettings = {
				ASSETCATALOG_COMPILER_APPICON_NAME = AppIcon;
				CODE_SIGN_STYLE = Automatic;
				DEVELOPMENT_TEAM = WJ363374MY;
				INFOPLIST_FILE = RPS/Info.plist;
				IPHONEOS_DEPLOYMENT_TARGET = 9.3;
				LD_RUNPATH_SEARCH_PATHS = (
					"$(inherited)",
					"@executable_path/Frameworks",
				);
				PRODUCT_BUNDLE_IDENTIFIER = com.stefanosk27.RPS;
				PRODUCT_NAME = "$(TARGET_NAME)";
				SWIFT_VERSION = 4.2;
				TARGETED_DEVICE_FAMILY = "1,2";
			};
			name = Release;
		};
/* End XCBuildConfiguration section */

/* Begin XCConfigurationList section */
		EB1E77E222330A0A00E6A235 /* Build configuration list for PBXProject "RPS" */ = {
			isa = XCConfigurationList;
			buildConfigurations = (
				EB1E77F722330A1000E6A235 /* Debug */,
				EB1E77F822330A1000E6A235 /* Release */,
			);
			defaultConfigurationIsVisible = 0;
			defaultConfigurationName = Release;
		};
		EB1E77F922330A1000E6A235 /* Build configuration list for PBXNativeTarget "RPS" */ = {
			isa = XCConfigurationList;
			buildConfigurations = (
				EB1E77FA22330A1000E6A235 /* Debug */,
				EB1E77FB22330A1000E6A235 /* Release */,
			);
			defaultConfigurationIsVisible = 0;
			defaultConfigurationName = Release;
		};
/* End XCConfigurationList section */
	};
	rootObject = EB1E77DF22330A0A00E6A235 /* Project object */;
}
